
Microsoft Visual Studio Solution File, Format Version 12.00
# Visual Studio 15
VisualStudioVersion = 15.0.28307.106
MinimumVisualStudioVersion = 10.0.40219.1
Project("{FAE04EC0-301F-11D3-BF4B-00C04F79EFBC}") = "MasGlobal.Interview.TechnicalInterview", "TechnicalInterview\MasGlobal.Interview.TechnicalInterview.csproj", "{C7AFCCDC-5EC9-4EA7-B8A8-E9FCEAE4488F}"
EndProject
Project("{FAE04EC0-301F-11D3-BF4B-00C04F79EFBC}") = "MasGlobal.Interview.Dto", "Dto\MasGlobal.Interview.Dto.csproj", "{46FB55D0-E39D-451B-AC90-FB01DA610A16}"
EndProject
Project("{FAE04EC0-301F-11D3-BF4B-00C04F79EFBC}") = "MasGlobal.Interview.Dao", "Dao\MasGlobal.Interview.Dao.csproj", "{527442B3-3DBC-4EA4-B4CC-BD9E8B54FF10}"
EndProject
Project("{FAE04EC0-301F-11D3-BF4B-00C04F79EFBC}") = "MasGlobal.Interview", "MasGlobal.Interview\MasGlobal.Interview.csproj", "{09281121-62A1-4BA5-9575-FDBBABC6FB17}"
EndProject
Project("{FAE04EC0-301F-11D3-BF4B-00C04F79EFBC}") = "MasGlobal.Interview.BusinessLogic", "MasGlobal.Interview.BusinessLogic\MasGlobal.Interview.BusinessLogic.csproj", "{B463105A-650F-480E-8F7D-5EB97B5EB12E}"
EndProject
Project("{FAE04EC0-301F-11D3-BF4B-00C04F79EFBC}") = "UnitTestProject", "UnitTestProject\UnitTestProject.csproj", "{E0C2100F-138C-4E92-ACEB-C5E3E053C7AD}"
EndProject
Global
	GlobalSection(SolutionConfigurationPlatforms) = preSolution
		Debug|Any CPU = Debug|Any CPU
		Release|Any CPU = Release|Any CPU
	EndGlobalSection
	GlobalSection(ProjectConfigurationPlatforms) = postSolution
		{C7AFCCDC-5EC9-4EA7-B8A8-E9FCEAE4488F}.Debug|Any CPU.ActiveCfg = Debug|Any CPU
		{C7AFCCDC-5EC9-4EA7-B8A8-E9FCEAE4488F}.Debug|Any CPU.Build.0 = Debug|Any CPU
		{C7AFCCDC-5EC9-4EA7-B8A8-E9FCEAE4488F}.Release|Any CPU.ActiveCfg = Release|Any CPU
		{C7AFCCDC-5EC9-4EA7-B8A8-E9FCEAE4488F}.Release|Any CPU.Build.0 = Release|Any CPU
		{46FB55D0-E39D-451B-AC90-FB01DA610A16}.Debug|Any CPU.ActiveCfg = Debug|Any CPU
		{46FB55D0-E39D-451B-AC90-FB01DA610A16}.Debug|Any CPU.Build.0 = Debug|Any CPU
		{46FB55D0-E39D-451B-AC90-FB01DA610A16}.Release|Any CPU.ActiveCfg = Release|Any CPU
		{46FB55D0-E39D-451B-AC90-FB01DA610A16}.Release|Any CPU.Build.0 = Release|Any CPU
		{527442B3-3DBC-4EA4-B4CC-BD9E8B54FF10}.Debug|Any CPU.ActiveCfg = Debug|Any CPU
		{527442B3-3DBC-4EA4-B4CC-BD9E8B54FF10}.Debug|Any CPU.Build.0 = Debug|Any CPU
		{527442B3-3DBC-4EA4-B4CC-BD9E8B54FF10}.Release|Any CPU.ActiveCfg = Release|Any CPU
		{527442B3-3DBC-4EA4-B4CC-BD9E8B54FF10}.Release|Any CPU.Build.0 = Release|Any CPU
		{09281121-62A1-4BA5-9575-FDBBABC6FB17}.Debug|Any CPU.ActiveCfg = Debug|Any CPU
		{09281121-62A1-4BA5-9575-FDBBABC6FB17}.Debug|Any CPU.Build.0 = Debug|Any CPU
		{09281121-62A1-4BA5-9575-FDBBABC6FB17}.Release|Any CPU.ActiveCfg = Release|Any CPU
		{09281121-62A1-4BA5-9575-FDBBABC6FB17}.Release|Any CPU.Build.0 = Release|Any CPU
		{B463105A-650F-480E-8F7D-5EB97B5EB12E}.Debug|Any CPU.ActiveCfg = Debug|Any CPU
		{B463105A-650F-480E-8F7D-5EB97B5EB12E}.Debug|Any CPU.Build.0 = Debug|Any CPU
		{B463105A-650F-480E-8F7D-5EB97B5EB12E}.Release|Any CPU.ActiveCfg = Release|Any CPU
		{B463105A-650F-480E-8F7D-5EB97B5EB12E}.Release|Any CPU.Build.0 = Release|Any CPU
		{E0C2100F-138C-4E92-ACEB-C5E3E053C7AD}.Debug|Any CPU.ActiveCfg = Debug|Any CPU
		{E0C2100F-138C-4E92-ACEB-C5E3E053C7AD}.Debug|Any CPU.Build.0 = Debug|Any CPU
		{E0C2100F-138C-4E92-ACEB-C5E3E053C7AD}.Release|Any CPU.ActiveCfg = Release|Any CPU
		{E0C2100F-138C-4E92-ACEB-C5E3E053C7AD}.Release|Any CPU.Build.0 = Release|Any CPU
	EndGlobalSection
	GlobalSection(SolutionProperties) = preSolution
		HideSolutionNode = FALSE
	EndGlobalSection
	GlobalSection(ExtensibilityGlobals) = postSolution
		SolutionGuid = {1DD56BEB-C7C2-49AC-AE05-2841AB171ADB}
	EndGlobalSection
EndGlobal
